lockfileVersion: '9.0'

settings:
  autoInstallPeers: true
  excludeLinksFromLockfile: false

importers:

  .:
    dependencies:
      '@directus/sdk':
        specifier: ^18.0.0
        version: 18.0.0

packages:

  '@directus/sdk@18.0.0':
    resolution: {integrity: sha512-PREPeIKI1/EpvWxZHqWaRgL0HNccaauQm98sABBPMPwH3gCHfSz+sFJyugyx+MYHBiv2K5M8BCxF3MRCbAzljw==}
    engines: {node: '>=18.0.0'}

snapshots:

  '@directus/sdk@18.0.0': {}
