# generated by rye
# use `rye lock` or `rye sync` to update this lockfile
#
# last locked with the following flags:
#   pre: false
#   features: []
#   all-features: false
#   with-sources: false
#   generate-hashes: false

adapters==0.2.1
    # via trankit
aiofiles==23.2.1
aiohttp==3.9.5
    # via langchain
    # via langchain-community
aiosignal==1.3.1
    # via aiohttp
alembic==1.13.1
amqp==5.2.0
    # via kombu
annotated-types==0.6.0
    # via pydantic
anyio==4.3.0
    # via httpx
    # via openai
    # via starlette
    # via watchfiles
attrs==23.2.0
    # via aiohttp
backoff==2.2.1
billiard==4.2.0
    # via celery
celery==5.4.0
certifi==2024.2.2
    # via httpcore
    # via httpx
    # via requests
    # via sentry-sdk
charset-normalizer==3.3.2
    # via requests
click==8.1.7
    # via celery
    # via click-didyoumean
    # via click-plugins
    # via click-repl
    # via sacremoses
    # via uvicorn
click-didyoumean==0.3.1
    # via celery
click-plugins==1.1.1
    # via celery
click-repl==0.3.0
    # via celery
dataclasses-json==0.6.6
    # via langchain
    # via langchain-community
distro==1.9.0
    # via openai
fastapi==0.109.2
    # via sentry-sdk
ffmpeg-python==0.2.0
filelock==3.14.0
    # via huggingface-hub
    # via torch
    # via trankit
    # via transformers
frozenlist==1.4.1
    # via aiohttp
    # via aiosignal
fsspec==2024.5.0
    # via huggingface-hub
future==1.0.0
    # via ffmpeg-python
greenlet==3.0.3
    # via sqlalchemy
h11==0.14.0
    # via httpcore
    # via uvicorn
httpcore==1.0.5
    # via httpx
httptools==0.6.1
    # via uvicorn
httpx==0.27.0
    # via openai
huggingface-hub==0.23.2
    # via tokenizers
    # via transformers
idna==3.7
    # via anyio
    # via httpx
    # via requests
    # via yarl
isort==5.13.2
jinja2==3.1.4
    # via torch
joblib==1.4.2
    # via sacremoses
    # via scikit-learn
jsonpatch==1.33
    # via langchain-core
jsonpointer==2.4
    # via jsonpatch
kombu==5.3.7
    # via celery
langchain==0.1.20
    # via langchain-experimental
langchain-community==0.0.38
    # via langchain
langchain-core==0.1.52
    # via langchain
    # via langchain-community
    # via langchain-experimental
    # via langchain-openai
    # via langchain-text-splitters
langchain-experimental==0.0.57
langchain-openai==0.0.8
langchain-text-splitters==0.0.2
    # via langchain
langid==1.1.6
    # via trankit
langsmith==0.1.59
    # via langchain
    # via langchain-community
    # via langchain-core
mako==1.3.5
    # via alembic
markupsafe==2.1.5
    # via jinja2
    # via mako
marshmallow==3.21.2
    # via dataclasses-json
mpmath==1.3.0
    # via sympy
multidict==6.0.5
    # via aiohttp
    # via yarl
mypy==1.10.0
mypy-extensions==1.0.0
    # via mypy
    # via typing-inspect
networkx==3.3
    # via torch
numpy==1.26.4
    # via langchain
    # via langchain-community
    # via langid
    # via pandas
    # via pandas-stubs
    # via pgvector
    # via scikit-learn
    # via scipy
    # via trankit
    # via transformers
openai==1.30.1
    # via langchain-openai
orjson==3.10.3
    # via langsmith
packaging==23.2
    # via huggingface-hub
    # via langchain-core
    # via marshmallow
    # via trankit
    # via transformers
pandas==2.2.2
pandas-stubs==2.2.2.240514
pgvector==0.2.5
prompt-toolkit==3.0.43
    # via click-repl
protobuf==5.27.0
    # via trankit
psycopg==3.1.19
psycopg-binary==3.1.19
    # via psycopg
psycopg-pool==3.2.2
    # via psycopg
pydantic==2.7.1
    # via fastapi
    # via langchain
    # via langchain-core
    # via langsmith
    # via openai
pydantic-core==2.18.2
    # via pydantic
pypdf==4.0.2
python-dateutil==2.9.0.post0
    # via celery
    # via pandas
python-dotenv==1.0.1
    # via uvicorn
python-multipart==0.0.9
pytz==2024.1
    # via pandas
pyyaml==6.0.1
    # via huggingface-hub
    # via langchain
    # via langchain-community
    # via langchain-core
    # via transformers
    # via uvicorn
regex==2024.5.15
    # via sacremoses
    # via tiktoken
    # via trankit
    # via transformers
requests==2.31.0
    # via huggingface-hub
    # via langchain
    # via langchain-community
    # via langsmith
    # via tiktoken
    # via trankit
    # via transformers
ruff==0.4.4
sacremoses==0.1.1
    # via trankit
safetensors==0.4.3
    # via transformers
scikit-learn==1.4.2
scipy==1.13.0
    # via scikit-learn
sentencepiece==0.2.0
    # via trankit
sentry-sdk==2.2.0
six==1.16.0
    # via python-dateutil
    # via trankit
sniffio==1.3.1
    # via anyio
    # via httpx
    # via openai
sqlalchemy==2.0.30
    # via alembic
    # via langchain
    # via langchain-community
starlette==0.36.3
    # via fastapi
sympy==1.12
    # via torch
tenacity==8.3.0
    # via langchain
    # via langchain-community
    # via langchain-core
threadpoolctl==3.5.0
    # via scikit-learn
tiktoken==0.7.0
    # via langchain-openai
tokenizers==0.15.2
    # via trankit
    # via transformers
torch==2.0.1
    # via trankit
tqdm==4.66.4
    # via huggingface-hub
    # via openai
    # via sacremoses
    # via trankit
    # via transformers
trankit @ git+https://github.com/nlp-uoregon/trankit@f6b916b39decb3bc8b87b0c4bf100f3de41e3d24
transformers==4.39.3
    # via adapters
    # via trankit
types-aiofiles==23.2.0.20240403
types-pytz==2024.1.0.20240417
    # via pandas-stubs
types-tqdm==4.66.0.20240417
typing-extensions==4.11.0
    # via alembic
    # via fastapi
    # via huggingface-hub
    # via mypy
    # via openai
    # via psycopg
    # via psycopg-pool
    # via pydantic
    # via pydantic-core
    # via sqlalchemy
    # via torch
    # via typing-inspect
typing-inspect==0.9.0
    # via dataclasses-json
tzdata==2024.1
    # via celery
    # via pandas
urllib3==2.2.1
    # via requests
    # via sentry-sdk
uvicorn==0.27.1
uvloop==0.19.0
    # via uvicorn
vine==5.1.0
    # via amqp
    # via celery
    # via kombu
watchfiles==0.21.0
    # via uvicorn
wcwidth==0.2.13
    # via prompt-toolkit
websockets==12.0
    # via uvicorn
yarl==1.9.4
    # via aiohttp
